
Microsoft Visual Studio Solution File, Format Version 12.00
# Visual Studio Version 17
VisualStudioVersion = 17.0.31903.59
MinimumVisualStudioVersion = 10.0.40219.1
Project("{FAE04EC0-301F-11D3-BF4B-00C04F79EFBC}") = "DistributedSLAU.Common", "DistributedSLAU.Common\DistributedSLAU.Common.csproj", "{DFA491D9-D376-4773-B514-625706320A68}"
EndProject
Project("{FAE04EC0-301F-11D3-BF4B-00C04F79EFBC}") = "DistributedSLAU.Coordinator", "DistributedSLAU.Coordinator\DistributedSLAU.Coordinator.csproj", "{ED32B4C1-21A3-4E23-978E-F2335B645AA7}"
EndProject
Project("{FAE04EC0-301F-11D3-BF4B-00C04F79EFBC}") = "DistributedSLAU.Web", "DistributedSLAU.Web\DistributedSLAU.Web.csproj", "{3D35B7EB-D3BC-4CBA-8CDE-50B670141FBB}"
EndProject
Project("{FAE04EC0-301F-11D3-BF4B-00C04F79EFBC}") = "DistributedSLAU.Worker", "DistributedSLAU.Worker\DistributedSLAU.Worker.csproj", "{9C8F2487-1940-4829-9B84-76B93BD6E0EE}"
EndProject
Global
	GlobalSection(SolutionConfigurationPlatforms) = preSolution
		Debug|Any CPU = Debug|Any CPU
		Debug|x64 = Debug|x64
		Debug|x86 = Debug|x86
		Release|Any CPU = Release|Any CPU
		Release|x64 = Release|x64
		Release|x86 = Release|x86
	EndGlobalSection
	GlobalSection(ProjectConfigurationPlatforms) = postSolution
		{DFA491D9-D376-4773-B514-625706320A68}.Debug|Any CPU.ActiveCfg = Debug|Any CPU
		{DFA491D9-D376-4773-B514-625706320A68}.Debug|Any CPU.Build.0 = Debug|Any CPU
		{DFA491D9-D376-4773-B514-625706320A68}.Debug|x64.ActiveCfg = Debug|Any CPU
		{DFA491D9-D376-4773-B514-625706320A68}.Debug|x64.Build.0 = Debug|Any CPU
		{DFA491D9-D376-4773-B514-625706320A68}.Debug|x86.ActiveCfg = Debug|Any CPU
		{DFA491D9-D376-4773-B514-625706320A68}.Debug|x86.Build.0 = Debug|Any CPU
		{DFA491D9-D376-4773-B514-625706320A68}.Release|Any CPU.ActiveCfg = Release|Any CPU
		{DFA491D9-D376-4773-B514-625706320A68}.Release|Any CPU.Build.0 = Release|Any CPU
		{DFA491D9-D376-4773-B514-625706320A68}.Release|x64.ActiveCfg = Release|Any CPU
		{DFA491D9-D376-4773-B514-625706320A68}.Release|x64.Build.0 = Release|Any CPU
		{DFA491D9-D376-4773-B514-625706320A68}.Release|x86.ActiveCfg = Release|Any CPU
		{DFA491D9-D376-4773-B514-625706320A68}.Release|x86.Build.0 = Release|Any CPU
		{ED32B4C1-21A3-4E23-978E-F2335B645AA7}.Debug|Any CPU.ActiveCfg = Debug|Any CPU
		{ED32B4C1-21A3-4E23-978E-F2335B645AA7}.Debug|Any CPU.Build.0 = Debug|Any CPU
		{ED32B4C1-21A3-4E23-978E-F2335B645AA7}.Debug|x64.ActiveCfg = Debug|Any CPU
		{ED32B4C1-21A3-4E23-978E-F2335B645AA7}.Debug|x64.Build.0 = Debug|Any CPU
		{ED32B4C1-21A3-4E23-978E-F2335B645AA7}.Debug|x86.ActiveCfg = Debug|Any CPU
		{ED32B4C1-21A3-4E23-978E-F2335B645AA7}.Debug|x86.Build.0 = Debug|Any CPU
		{ED32B4C1-21A3-4E23-978E-F2335B645AA7}.Release|Any CPU.ActiveCfg = Release|Any CPU
		{ED32B4C1-21A3-4E23-978E-F2335B645AA7}.Release|Any CPU.Build.0 = Release|Any CPU
		{ED32B4C1-21A3-4E23-978E-F2335B645AA7}.Release|x64.ActiveCfg = Release|Any CPU
		{ED32B4C1-21A3-4E23-978E-F2335B645AA7}.Release|x64.Build.0 = Release|Any CPU
		{ED32B4C1-21A3-4E23-978E-F2335B645AA7}.Release|x86.ActiveCfg = Release|Any CPU
		{ED32B4C1-21A3-4E23-978E-F2335B645AA7}.Release|x86.Build.0 = Release|Any CPU
		{3D35B7EB-D3BC-4CBA-8CDE-50B670141FBB}.Debug|Any CPU.ActiveCfg = Debug|Any CPU
		{3D35B7EB-D3BC-4CBA-8CDE-50B670141FBB}.Debug|Any CPU.Build.0 = Debug|Any CPU
		{3D35B7EB-D3BC-4CBA-8CDE-50B670141FBB}.Debug|x64.ActiveCfg = Debug|Any CPU
		{3D35B7EB-D3BC-4CBA-8CDE-50B670141FBB}.Debug|x64.Build.0 = Debug|Any CPU
		{3D35B7EB-D3BC-4CBA-8CDE-50B670141FBB}.Debug|x86.ActiveCfg = Debug|Any CPU
		{3D35B7EB-D3BC-4CBA-8CDE-50B670141FBB}.Debug|x86.Build.0 = Debug|Any CPU
		{3D35B7EB-D3BC-4CBA-8CDE-50B670141FBB}.Release|Any CPU.ActiveCfg = Release|Any CPU
		{3D35B7EB-D3BC-4CBA-8CDE-50B670141FBB}.Release|Any CPU.Build.0 = Release|Any CPU
		{3D35B7EB-D3BC-4CBA-8CDE-50B670141FBB}.Release|x64.ActiveCfg = Release|Any CPU
		{3D35B7EB-D3BC-4CBA-8CDE-50B670141FBB}.Release|x64.Build.0 = Release|Any CPU
		{3D35B7EB-D3BC-4CBA-8CDE-50B670141FBB}.Release|x86.ActiveCfg = Release|Any CPU
		{3D35B7EB-D3BC-4CBA-8CDE-50B670141FBB}.Release|x86.Build.0 = Release|Any CPU
		{9C8F2487-1940-4829-9B84-76B93BD6E0EE}.Debug|Any CPU.ActiveCfg = Debug|Any CPU
		{9C8F2487-1940-4829-9B84-76B93BD6E0EE}.Debug|Any CPU.Build.0 = Debug|Any CPU
		{9C8F2487-1940-4829-9B84-76B93BD6E0EE}.Debug|x64.ActiveCfg = Debug|Any CPU
		{9C8F2487-1940-4829-9B84-76B93BD6E0EE}.Debug|x64.Build.0 = Debug|Any CPU
		{9C8F2487-1940-4829-9B84-76B93BD6E0EE}.Debug|x86.ActiveCfg = Debug|Any CPU
		{9C8F2487-1940-4829-9B84-76B93BD6E0EE}.Debug|x86.Build.0 = Debug|Any CPU
		{9C8F2487-1940-4829-9B84-76B93BD6E0EE}.Release|Any CPU.ActiveCfg = Release|Any CPU
		{9C8F2487-1940-4829-9B84-76B93BD6E0EE}.Release|Any CPU.Build.0 = Release|Any CPU
		{9C8F2487-1940-4829-9B84-76B93BD6E0EE}.Release|x64.ActiveCfg = Release|Any CPU
		{9C8F2487-1940-4829-9B84-76B93BD6E0EE}.Release|x64.Build.0 = Release|Any CPU
		{9C8F2487-1940-4829-9B84-76B93BD6E0EE}.Release|x86.ActiveCfg = Release|Any CPU
		{9C8F2487-1940-4829-9B84-76B93BD6E0EE}.Release|x86.Build.0 = Release|Any CPU
	EndGlobalSection
	GlobalSection(SolutionProperties) = preSolution
		HideSolutionNode = FALSE
	EndGlobalSection
EndGlobal
